// !$*UTF8*$!
{
	archiveVersion = 1;
	classes = {
	};
	objectVersion = 50;
	objects = {

/* Begin PBXBuildFile section */
		051EDABA216F381B006400F6 /* GoogleService-Info.plist in Resources */ = {isa = PBXBuildFile; fileRef = 051EDAB9216F381B006400F6 /* GoogleService-Info.plist */; };
		052AC0D721663BF200AFA10B /* AppDelegate.swift in Sources */ = {isa = PBXBuildFile; fileRef = 052AC0D621663BF200AFA10B /* AppDelegate.swift */; };
		052AC0D921663BF200AFA10B /* ViewController.swift in Sources */ = {isa = PBXBuildFile; fileRef = 052AC0D821663BF200AFA10B /* ViewController.swift */; };
		052AC0DC21663BF200AFA10B /* Main.storyboard in Resources */ = {isa = PBXBuildFile; fileRef = 052AC0DA21663BF200AFA10B /* Main.storyboard */; };
		052AC0DE21663BF200AFA10B /* Assets.xcassets in Resources */ = {isa = PBXBuildFile; fileRef = 052AC0DD21663BF200AFA10B /* Assets.xcassets */; };
		052AC0E121663BF200AFA10B /* LaunchScreen.storyboard in Resources */ = {isa = PBXBuildFile; fileRef = 052AC0DF21663BF200AFA10B /* LaunchScreen.storyboard */; };
		05BAC0192170B3370067F247 /* WordList.swift in Sources */ = {isa = PBXBuildFile; fileRef = 05BAC0182170B3370067F247 /* WordList.swift */; };
		05BAC01B2170B3850067F247 /* WordPair.swift in Sources */ = {isa = PBXBuildFile; fileRef = 05BAC01A2170B3850067F247 /* WordPair.swift */; };
		05BAC01D2170B4FA0067F247 /* WordListLibrary.swift in Sources */ = {isa = PBXBuildFile; fileRef = 05BAC01C2170B4FA0067F247 /* WordListLibrary.swift */; };
		05C59A04216F4556001BB97C /* wordToLearn.swift in Sources */ = {isa = PBXBuildFile; fileRef = 05C59A03216F4556001BB97C /* wordToLearn.swift */; };
		B3ECB37C4A4D05A72467235D /* Pods_wordLearning.framework in Frameworks */ = {isa = PBXBuildFile; fileRef = A7B8D2EB8077F91870F00C3F /* Pods_wordLearning.framework */; };
/* End PBXBuildFile section */

/* Begin PBXFileReference section */
		051EDAB9216F381B006400F6 /* GoogleService-Info.plist */ = {isa = PBXFileReference; fileEncoding = 4; lastKnownFileType = text.plist.xml; path = "GoogleService-Info.plist"; sourceTree = "<group>"; };
		052AC0D321663BF200AFA10B /* wordLearning.app */ = {isa = PBXFileReference; explicitFileType = wrapper.application; includeInIndex = 0; path = wordLearning.app; sourceTree = BUILT_PRODUCTS_DIR; };
		052AC0D621663BF200AFA10B /* AppDelegate.swift */ = {isa = PBXFileReference; lastKnownFileType = sourcecode.swift; path = AppDelegate.swift; sourceTree = "<group>"; };
		052AC0D821663BF200AFA10B /* ViewController.swift */ = {isa = PBXFileReference; lastKnownFileType = sourcecode.swift; path = ViewController.swift; sourceTree = "<group>"; };
		052AC0DB21663BF200AFA10B /* Base */ = {isa = PBXFileReference; lastKnownFileType = file.storyboard; name = Base; path = Base.lproj/Main.storyboard; sourceTree = "<group>"; };
		052AC0DD21663BF200AFA10B /* Assets.xcassets */ = {isa = PBXFileReference; lastKnownFileType = folder.assetcatalog; path = Assets.xcassets; sourceTree = "<group>"; };
		052AC0E021663BF200AFA10B /* Base */ = {isa = PBXFileReference; lastKnownFileType = file.storyboard; name = Base; path = Base.lproj/LaunchScreen.storyboard; sourceTree = "<group>"; };
		052AC0E221663BF200AFA10B /* Info.plist */ = {isa = PBXFileReference; lastKnownFileType = text.plist.xml; path = Info.plist; sourceTree = "<group>"; };
		05BAC0182170B3370067F247 /* WordList.swift */ = {isa = PBXFileReference; lastKnownFileType = sourcecode.swift; path = WordList.swift; sourceTree = "<group>"; };
		05BAC01A2170B3850067F247 /* WordPair.swift */ = {isa = PBXFileReference; lastKnownFileType = sourcecode.swift; path = WordPair.swift; sourceTree = "<group>"; };
		05BAC01C2170B4FA0067F247 /* WordListLibrary.swift */ = {isa = PBXFileReference; lastKnownFileType = sourcecode.swift; path = WordListLibrary.swift; sourceTree = "<group>"; };
		05C59A03216F4556001BB97C /* wordToLearn.swift */ = {isa = PBXFileReference; lastKnownFileType = sourcecode.swift; path = wordToLearn.swift; sourceTree = "<group>"; };
		409CFEC3179258A89736A0BD /* Pods-wordLearning.debug.xcconfig */ = {isa = PBXFileReference; includeInIndex = 1; lastKnownFileType = text.xcconfig; name = "Pods-wordLearning.debug.xcconfig"; path = "Pods/Target Support Files/Pods-wordLearning/Pods-wordLearning.debug.xcconfig"; sourceTree = "<group>"; };
		9BF117AE2247E55724784EDB /* Pods-wordLearning.release.xcconfig */ = {isa = PBXFileReference; includeInIndex = 1; lastKnownFileType = text.xcconfig; name = "Pods-wordLearning.release.xcconfig"; path = "Pods/Target Support Files/Pods-wordLearning/Pods-wordLearning.release.xcconfig"; sourceTree = "<group>"; };
		A7B8D2EB8077F91870F00C3F /* Pods_wordLearning.framework */ = {isa = PBXFileReference; explicitFileType = wrapper.framework; includeInIndex = 0; path = Pods_wordLearning.framework; sourceTree = BUILT_PRODUCTS_DIR; };
/* End PBXFileReference section */

/* Begin PBXFrameworksBuildPhase section */
		052AC0D021663BF200AFA10B /* Frameworks */ = {
			isa = PBXFrameworksBuildPhase;
			buildActionMask = 2147483647;
			files = (
				B3ECB37C4A4D05A72467235D /* Pods_wordLearning.framework in Frameworks */,
			);
			runOnlyForDeploymentPostprocessing = 0;
		};
/* End PBXFrameworksBuildPhase section */

/* Begin PBXGroup section */
		052AC0CA21663BF100AFA10B = {
			isa = PBXGroup;
			children = (
				052AC0D521663BF200AFA10B /* wordLearning */,
				052AC0D421663BF200AFA10B /* Products */,
				D7BA19952EDBB719D79D7761 /* Pods */,
				F86646041DB1A6F362AEB830 /* Frameworks */,
			);
			sourceTree = "<group>";
		};
		052AC0D421663BF200AFA10B /* Products */ = {
			isa = PBXGroup;
			children = (
				052AC0D321663BF200AFA10B /* wordLearning.app */,
			);
			name = Products;
			sourceTree = "<group>";
		};
		052AC0D521663BF200AFA10B /* wordLearning */ = {
			isa = PBXGroup;
			children = (
				051EDAB9216F381B006400F6 /* GoogleService-Info.plist */,
				052AC0D621663BF200AFA10B /* AppDelegate.swift */,
				052AC0D821663BF200AFA10B /* ViewController.swift */,
				052AC0DA21663BF200AFA10B /* Main.storyboard */,
				052AC0DD21663BF200AFA10B /* Assets.xcassets */,
				052AC0DF21663BF200AFA10B /* LaunchScreen.storyboard */,
				052AC0E221663BF200AFA10B /* Info.plist */,
				05C59A03216F4556001BB97C /* wordToLearn.swift */,
				05BAC0182170B3370067F247 /* WordList.swift */,
				05BAC01A2170B3850067F247 /* WordPair.swift */,
				05BAC01C2170B4FA0067F247 /* WordListLibrary.swift */,
			);
			path = wordLearning;
			sourceTree = "<group>";
		};
		D7BA19952EDBB719D79D7761 /* Pods */ = {
			isa = PBXGroup;
			children = (
				409CFEC3179258A89736A0BD /* Pods-wordLearning.debug.xcconfig */,
				9BF117AE2247E55724784EDB /* Pods-wordLearning.release.xcconfig */,
			);
			name = Pods;
			sourceTree = "<group>";
		};
		F86646041DB1A6F362AEB830 /* Frameworks */ = {
			isa = PBXGroup;
			children = (
				A7B8D2EB8077F91870F00C3F /* Pods_wordLearning.framework */,
			);
			name = Frameworks;
			sourceTree = "<group>";
		};
/* End PBXGroup section */

/* Begin PBXNativeTarget section */
		052AC0D221663BF200AFA10B /* wordLearning */ = {
			isa = PBXNativeTarget;
			buildConfigurationList = 052AC0E521663BF200AFA10B /* Build configuration list for PBXNativeTarget "wordLearning" */;
			buildPhases = (
				30BB6CC6A6FA3849A0219064 /* [CP] Check Pods Manifest.lock */,
				052AC0CF21663BF200AFA10B /* Sources */,
				052AC0D021663BF200AFA10B /* Frameworks */,
				052AC0D121663BF200AFA10B /* Resources */,
				422DDC0102949F41BAD6F869 /* [CP] Embed Pods Frameworks */,
			);
			buildRules = (
			);
			dependencies = (
			);
			name = wordLearning;
			productName = wordLearning;
			productReference = 052AC0D321663BF200AFA10B /* wordLearning.app */;
			productType = "com.apple.product-type.application";
		};
/* End PBXNativeTarget section */

/* Begin PBXProject section */
		052AC0CB21663BF100AFA10B /* Project object */ = {
			isa = PBXProject;
			attributes = {
				LastSwiftUpdateCheck = 0940;
				LastUpgradeCheck = 0940;
				ORGANIZATIONNAME = "Niels Rijnberg";
				TargetAttributes = {
					052AC0D221663BF200AFA10B = {
						CreatedOnToolsVersion = 9.4.1;
					};
				};
			};
			buildConfigurationList = 052AC0CE21663BF100AFA10B /* Build configuration list for PBXProject "wordLearning" */;
			compatibilityVersion = "Xcode 9.3";
			developmentRegion = en;
			hasScannedForEncodings = 0;
			knownRegions = (
				en,
				Base,
			);
			mainGroup = 052AC0CA21663BF100AFA10B;
			productRefGroup = 052AC0D421663BF200AFA10B /* Products */;
			projectDirPath = "";
			projectRoot = "";
			targets = (
				052AC0D221663BF200AFA10B /* wordLearning */,
			);
		};
/* End PBXProject section */

/* Begin PBXResourcesBuildPhase section */
		052AC0D121663BF200AFA10B /* Resources */ = {
			isa = PBXResourcesBuildPhase;
			buildActionMask = 2147483647;
			files = (
				052AC0E121663BF200AFA10B /* LaunchScreen.storyboard in Resources */,
				051EDABA216F381B006400F6 /* GoogleService-Info.plist in Resources */,
				052AC0DE21663BF200AFA10B /* Assets.xcassets in Resources */,
				052AC0DC21663BF200AFA10B /* Main.storyboard in Resources */,
			);
			runOnlyForDeploymentPostprocessing = 0;
		};
/* End PBXResourcesBuildPhase section */

/* Begin PBXShellScriptBuildPhase section */
		30BB6CC6A6FA3849A0219064 /* [CP] Check Pods Manifest.lock */ = {
			isa = PBXShellScriptBuildPhase;
			buildActionMask = 2147483647;
			files = (
			);
			inputPaths = (
				"${PODS_PODFILE_DIR_PATH}/Podfile.lock",
				"${PODS_ROOT}/Manifest.lock",
			);
			name = "[CP] Check Pods Manifest.lock";
			outputPaths = (
				"$(DERIVED_FILE_DIR)/Pods-wordLearning-checkManifestLockResult.txt",
			);
			runOnlyForDeploymentPostprocessing = 0;
			shellPath = /bin/sh;
			shellScript = "diff \"${PODS_PODFILE_DIR_PATH}/Podfile.lock\" \"${PODS_ROOT}/Manifest.lock\" > /dev/null\nif [ $? != 0 ] ; then\n    # print error to STDERR\n    echo \"error: The sandbox is not in sync with the Podfile.lock. Run 'pod install' or update your CocoaPods installation.\" >&2\n    exit 1\nfi\n# This output is used by Xcode 'outputs' to avoid re-running this script phase.\necho \"SUCCESS\" > \"${SCRIPT_OUTPUT_FILE_0}\"\n";
			showEnvVarsInLog = 0;
		};
		422DDC0102949F41BAD6F869 /* [CP] Embed Pods Frameworks */ = {
			isa = PBXShellScriptBuildPhase;
			buildActionMask = 2147483647;
			files = (
			);
			inputPaths = (
				"${SRCROOT}/Pods/Target Support Files/Pods-wordLearning/Pods-wordLearning-frameworks.sh",
				"${BUILT_PRODUCTS_DIR}/BoringSSL-GRPC/openssl_grpc.framework",
				"${BUILT_PRODUCTS_DIR}/GTMSessionFetcher/GTMSessionFetcher.framework",
				"${BUILT_PRODUCTS_DIR}/GoogleToolboxForMac/GoogleToolboxForMac.framework",
				"${BUILT_PRODUCTS_DIR}/Protobuf/Protobuf.framework",
				"${BUILT_PRODUCTS_DIR}/gRPC/GRPCClient.framework",
				"${BUILT_PRODUCTS_DIR}/gRPC-Core/grpc.framework",
				"${BUILT_PRODUCTS_DIR}/gRPC-ProtoRPC/ProtoRPC.framework",
				"${BUILT_PRODUCTS_DIR}/gRPC-RxLibrary/RxLibrary.framework",
				"${BUILT_PRODUCTS_DIR}/leveldb-library/leveldb.framework",
				"${BUILT_PRODUCTS_DIR}/nanopb/nanopb.framework",
			);
			name = "[CP] Embed Pods Frameworks";
			outputPaths = (
				"${TARGET_BUILD_DIR}/${FRAMEWORKS_FOLDER_PATH}/openssl_grpc.framework",
				"${TARGET_BUILD_DIR}/${FRAMEWORKS_FOLDER_PATH}/GTMSessionFetcher.framework",
				"${TARGET_BUILD_DIR}/${FRAMEWORKS_FOLDER_PATH}/GoogleToolboxForMac.framework",
				"${TARGET_BUILD_DIR}/${FRAMEWORKS_FOLDER_PATH}/Protobuf.framework",
				"${TARGET_BUILD_DIR}/${FRAMEWORKS_FOLDER_PATH}/GRPCClient.framework",
				"${TARGET_BUILD_DIR}/${FRAMEWORKS_FOLDER_PATH}/grpc.framework",
				"${TARGET_BUILD_DIR}/${FRAMEWORKS_FOLDER_PATH}/ProtoRPC.framework",
				"${TARGET_BUILD_DIR}/${FRAMEWORKS_FOLDER_PATH}/RxLibrary.framework",
				"${TARGET_BUILD_DIR}/${FRAMEWORKS_FOLDER_PATH}/leveldb.framework",
				"${TARGET_BUILD_DIR}/${FRAMEWORKS_FOLDER_PATH}/nanopb.framework",
			);
			runOnlyForDeploymentPostprocessing = 0;
			shellPath = /bin/sh;
			shellScript = "\"${SRCROOT}/Pods/Target Support Files/Pods-wordLearning/Pods-wordLearning-frameworks.sh\"\n";
			showEnvVarsInLog = 0;
		};
/* End PBXShellScriptBuildPhase section */

/* Begin PBXSourcesBuildPhase section */
		052AC0CF21663BF200AFA10B /* Sources */ = {
			isa = PBXSourcesBuildPhase;
			buildActionMask = 2147483647;
			files = (
				052AC0D921663BF200AFA10B /* ViewController.swift in Sources */,
				05BAC01D2170B4FA0067F247 /* WordListLibrary.swift in Sources */,
				05BAC01B2170B3850067F247 /* WordPair.swift in Sources */,
				05BAC0192170B3370067F247 /* WordList.swift in Sources */,
				05C59A04216F4556001BB97C /* wordToLearn.swift in Sources */,
				052AC0D721663BF200AFA10B /* AppDelegate.swift in Sources */,
			);
			runOnlyForDeploymentPostprocessing = 0;
		};
/* End PBXSourcesBuildPhase section */

/* Begin PBXVariantGroup section */
		052AC0DA21663BF200AFA10B /* Main.storyboard */ = {
			isa = PBXVariantGroup;
			children = (
				052AC0DB21663BF200AFA10B /* Base */,
			);
			name = Main.storyboard;
			sourceTree = "<group>";
		};
		052AC0DF21663BF200AFA10B /* LaunchScreen.storyboard */ = {
			isa = PBXVariantGroup;
			children = (
				052AC0E021663BF200AFA10B /* Base */,
			);
			name = LaunchScreen.storyboard;
			sourceTree = "<group>";
		};
/* End PBXVariantGroup section */

/* Begin XCBuildConfiguration section */
		052AC0E321663BF200AFA10B /* Debug */ = {
			isa = XCBuildConfiguration;
			buildSettings = {
				ALWAYS_SEARCH_USER_PATHS = NO;
				CLANG_ANALYZER_NONNULL = YES;
				CLANG_ANALYZER_NUMBER_OBJECT_CONVERSION = YES_AGGRESSIVE;
				CLANG_CXX_LANGUAGE_STANDARD = "gnu++14";
				CLANG_CXX_LIBRARY = "libc++";
				CLANG_ENABLE_MODULES = YES;
				CLANG_ENABLE_OBJC_ARC = YES;
				CLANG_ENABLE_OBJC_WEAK = YES;
				CLANG_WARN_BLOCK_CAPTURE_AUTORELEASING = YES;
				CLANG_WARN_BOOL_CONVERSION = YES;
				CLANG_WARN_COMMA = YES;
				CLANG_WARN_CONSTANT_CONVERSION = YES;
				CLANG_WARN_DEPRECATED_OBJC_IMPLEMENTATIONS = YES;
				CLANG_WARN_DIRECT_OBJC_ISA_USAGE = YES_ERROR;
				CLANG_WARN_DOCUMENTATION_COMMENTS = YES;
				CLANG_WARN_EMPTY_BODY = YES;
				CLANG_WARN_ENUM_CONVERSION = YES;
				CLANG_WARN_INFINITE_RECURSION = YES;
				CLANG_WARN_INT_CONVERSION = YES;
				CLANG_WARN_NON_LITERAL_NULL_CONVERSION = YES;
				CLANG_WARN_OBJC_IMPLICIT_RETAIN_SELF = YES;
				CLANG_WARN_OBJC_LITERAL_CONVERSION = YES;
				CLANG_WARN_OBJC_ROOT_CLASS = YES_ERROR;
				CLANG_WARN_RANGE_LOOP_ANALYSIS = YES;
				CLANG_WARN_STRICT_PROTOTYPES = YES;
				CLANG_WARN_SUSPICIOUS_MOVE = YES;
				CLANG_WARN_UNGUARDED_AVAILABILITY = YES_AGGRESSIVE;
				CLANG_WARN_UNREACHABLE_CODE = YES;
				CLANG_WARN__DUPLICATE_METHOD_MATCH = YES;
				CODE_SIGN_IDENTITY = "iPhone Developer";
				COPY_PHASE_STRIP = NO;
				DEBUG_INFORMATION_FORMAT = dwarf;
				ENABLE_STRICT_OBJC_MSGSEND = YES;
				ENABLE_TESTABILITY = YES;
				GCC_C_LANGUAGE_STANDARD = gnu11;
				GCC_DYNAMIC_NO_PIC = NO;
				GCC_NO_COMMON_BLOCKS = YES;
				GCC_OPTIMIZATION_LEVEL = 0;
				GCC_PREPROCESSOR_DEFINITIONS = (
					"DEBUG=1",
					"$(inherited)",
				);
				GCC_WARN_64_TO_32_BIT_CONVERSION = YES;
				GCC_WARN_ABOUT_RETURN_TYPE = YES_ERROR;
				GCC_WARN_UNDECLARED_SELECTOR = YES;
				GCC_WARN_UNINITIALIZED_AUTOS = YES_AGGRESSIVE;
				GCC_WARN_UNUSED_FUNCTION = YES;
				GCC_WARN_UNUSED_VARIABLE = YES;
				IPHONEOS_DEPLOYMENT_TARGET = 11.4;
				MTL_ENABLE_DEBUG_INFO = YES;
				ONLY_ACTIVE_ARCH = YES;
				SDKROOT = iphoneos;
				SWIFT_ACTIVE_COMPILATION_CONDITIONS = DEBUG;
				SWIFT_OPTIMIZATION_LEVEL = "-Onone";
			};
			name = Debug;
		};
		052AC0E421663BF200AFA10B /* Release */ = {
			isa = XCBuildConfiguration;
			buildSettings = {
				ALWAYS_SEARCH_USER_PATHS = NO;
				CLANG_ANALYZER_NONNULL = YES;
				CLANG_ANALYZER_NUMBER_OBJECT_CONVERSION = YES_AGGRESSIVE;
				CLANG_CXX_LANGUAGE_STANDARD = "gnu++14";
				CLANG_CXX_LIBRARY = "libc++";
				CLANG_ENABLE_MODULES = YES;
				CLANG_ENABLE_OBJC_ARC = YES;
				CLANG_ENABLE_OBJC_WEAK = YES;
				CLANG_WARN_BLOCK_CAPTURE_AUTORELEASING = YES;
				CLANG_WARN_BOOL_CONVERSION = YES;
				CLANG_WARN_COMMA = YES;
				CLANG_WARN_CONSTANT_CONVERSION = YES;
				CLANG_WARN_DEPRECATED_OBJC_IMPLEMENTATIONS = YES;
				CLANG_WARN_DIRECT_OBJC_ISA_USAGE = YES_ERROR;
				CLANG_WARN_DOCUMENTATION_COMMENTS = YES;
				CLANG_WARN_EMPTY_BODY = YES;
				CLANG_WARN_ENUM_CONVERSION = YES;
				CLANG_WARN_INFINITE_RECURSION = YES;
				CLANG_WARN_INT_CONVERSION = YES;
				CLANG_WARN_NON_LITERAL_NULL_CONVERSION = YES;
				CLANG_WARN_OBJC_IMPLICIT_RETAIN_SELF = YES;
				CLANG_WARN_OBJC_LITERAL_CONVERSION = YES;
				CLANG_WARN_OBJC_ROOT_CLASS = YES_ERROR;
				CLANG_WARN_RANGE_LOOP_ANALYSIS = YES;
				CLANG_WARN_STRICT_PROTOTYPES = YES;
				CLANG_WARN_SUSPICIOUS_MOVE = YES;
				CLANG_WARN_UNGUARDED_AVAILABILITY = YES_AGGRESSIVE;
				CLANG_WARN_UNREACHABLE_CODE = YES;
				CLANG_WARN__DUPLICATE_METHOD_MATCH = YES;
				CODE_SIGN_IDENTITY = "iPhone Developer";
				COPY_PHASE_STRIP = NO;
				DEBUG_INFORMATION_FORMAT = "dwarf-with-dsym";
				ENABLE_NS_ASSERTIONS = NO;
				ENABLE_STRICT_OBJC_MSGSEND = YES;
				GCC_C_LANGUAGE_STANDARD = gnu11;
				GCC_NO_COMMON_BLOCKS = YES;
				GCC_WARN_64_TO_32_BIT_CONVERSION = YES;
				GCC_WARN_ABOUT_RETURN_TYPE = YES_ERROR;
				GCC_WARN_UNDECLARED_SELECTOR = YES;
				GCC_WARN_UNINITIALIZED_AUTOS = YES_AGGRESSIVE;
				GCC_WARN_UNUSED_FUNCTION = YES;
				GCC_WARN_UNUSED_VARIABLE = YES;
				IPHONEOS_DEPLOYMENT_TARGET = 11.4;
				MTL_ENABLE_DEBUG_INFO = NO;
				SDKROOT = iphoneos;
				SWIFT_COMPILATION_MODE = wholemodule;
				SWIFT_OPTIMIZATION_LEVEL = "-O";
				VALIDATE_PRODUCT = YES;
			};
			name = Release;
		};
		052AC0E621663BF200AFA10B /* Debug */ = {
			isa = XCBuildConfiguration;
			baseConfigurationReference = 409CFEC3179258A89736A0BD /* Pods-wordLearning.debug.xcconfig */;
			buildSettings = {
				ASSETCATALOG_COMPILER_APPICON_NAME = AppIcon;
				CODE_SIGN_STYLE = Automatic;
				INFOPLIST_FILE = wordLearning/Info.plist;
				LD_RUNPATH_SEARCH_PATHS = (
					"$(inherited)",
					"@executable_path/Frameworks",
				);
				PRODUCT_BUNDLE_IDENTIFIER = NielsRijnberg.wordLearning;
				PRODUCT_NAME = "$(TARGET_NAME)";
				SWIFT_VERSION = 4.0;
				TARGETED_DEVICE_FAMILY = "1,2";
			};
			name = Debug;
		};
		052AC0E721663BF200AFA10B /* Release */ = {
			isa = XCBuildConfiguration;
			baseConfigurationReference = 9BF117AE2247E55724784EDB /* Pods-wordLearning.release.xcconfig */;
			buildSettings = {
				ASSETCATALOG_COMPILER_APPICON_NAME = AppIcon;
				CODE_SIGN_STYLE = Automatic;
				INFOPLIST_FILE = wordLearning/Info.plist;
				LD_RUNPATH_SEARCH_PATHS = (
					"$(inherited)",
					"@executable_path/Frameworks",
				);
				PRODUCT_BUNDLE_IDENTIFIER = NielsRijnberg.wordLearning;
				PRODUCT_NAME = "$(TARGET_NAME)";
				SWIFT_VERSION = 4.0;
				TARGETED_DEVICE_FAMILY = "1,2";
			};
			name = Release;
		};
/* End XCBuildConfiguration section */

/* Begin XCConfigurationList section */
		052AC0CE21663BF100AFA10B /* Build configuration list for PBXProject "wordLearning" */ = {
			isa = XCConfigurationList;
			buildConfigurations = (
				052AC0E321663BF200AFA10B /* Debug */,
				052AC0E421663BF200AFA10B /* Release */,
			);
			defaultConfigurationIsVisible = 0;
			defaultConfigurationName = Release;
		};
		052AC0E521663BF200AFA10B /* Build configuration list for PBXNativeTarget "wordLearning" */ = {
			isa = XCConfigurationList;
			buildConfigurations = (
				052AC0E621663BF200AFA10B /* Debug */,
				052AC0E721663BF200AFA10B /* Release */,
			);
			defaultConfigurationIsVisible = 0;
			defaultConfigurationName = Release;
		};
/* End XCConfigurationList section */
	};
	rootObject = 052AC0CB21663BF100AFA10B /* Project object */;
}
